
Microsoft Visual Studio Solution File, Format Version 12.00
# Visual Studio Version 16
VisualStudioVersion = 16.0.30114.105
MinimumVisualStudioVersion = 10.0.40219.1
Project("{FAE04EC0-301F-11D3-BF4B-00C04F79EFBC}") = "API", "API\API.csproj", "{173B1C3A-222F-4BA9-865B-433015083FBE}"
EndProject
Project("{FAE04EC0-301F-11D3-BF4B-00C04F79EFBC}") = "Persistence", "Persistence\Persistence.csproj", "{DC80289B-D46A-4B39-8E3C-D7DB8478EFA1}"
EndProject
Project("{FAE04EC0-301F-11D3-BF4B-00C04F79EFBC}") = "Application", "Application\Application.csproj", "{FA73C092-0D5E-476F-AAB9-820985B64A8D}"
EndProject
Project("{FAE04EC0-301F-11D3-BF4B-00C04F79EFBC}") = "Domain", "Domain\Domain.csproj", "{9D9964EB-7F00-4DC2-ACCB-5CF19E4624A4}"
EndProject
Global
	GlobalSection(SolutionConfigurationPlatforms) = preSolution
		Debug|Any CPU = Debug|Any CPU
		Debug|x64 = Debug|x64
		Debug|x86 = Debug|x86
		Release|Any CPU = Release|Any CPU
		Release|x64 = Release|x64
		Release|x86 = Release|x86
	EndGlobalSection
	GlobalSection(SolutionProperties) = preSolution
		HideSolutionNode = FALSE
	EndGlobalSection
	GlobalSection(ProjectConfigurationPlatforms) = postSolution
		{173B1C3A-222F-4BA9-865B-433015083FBE}.Debug|Any CPU.ActiveCfg = Debug|Any CPU
		{173B1C3A-222F-4BA9-865B-433015083FBE}.Debug|Any CPU.Build.0 = Debug|Any CPU
		{173B1C3A-222F-4BA9-865B-433015083FBE}.Debug|x64.ActiveCfg = Debug|Any CPU
		{173B1C3A-222F-4BA9-865B-433015083FBE}.Debug|x64.Build.0 = Debug|Any CPU
		{173B1C3A-222F-4BA9-865B-433015083FBE}.Debug|x86.ActiveCfg = Debug|Any CPU
		{173B1C3A-222F-4BA9-865B-433015083FBE}.Debug|x86.Build.0 = Debug|Any CPU
		{173B1C3A-222F-4BA9-865B-433015083FBE}.Release|Any CPU.ActiveCfg = Release|Any CPU
		{173B1C3A-222F-4BA9-865B-433015083FBE}.Release|Any CPU.Build.0 = Release|Any CPU
		{173B1C3A-222F-4BA9-865B-433015083FBE}.Release|x64.ActiveCfg = Release|Any CPU
		{173B1C3A-222F-4BA9-865B-433015083FBE}.Release|x64.Build.0 = Release|Any CPU
		{173B1C3A-222F-4BA9-865B-433015083FBE}.Release|x86.ActiveCfg = Release|Any CPU
		{173B1C3A-222F-4BA9-865B-433015083FBE}.Release|x86.Build.0 = Release|Any CPU
		{DC80289B-D46A-4B39-8E3C-D7DB8478EFA1}.Debug|Any CPU.ActiveCfg = Debug|Any CPU
		{DC80289B-D46A-4B39-8E3C-D7DB8478EFA1}.Debug|Any CPU.Build.0 = Debug|Any CPU
		{DC80289B-D46A-4B39-8E3C-D7DB8478EFA1}.Debug|x64.ActiveCfg = Debug|Any CPU
		{DC80289B-D46A-4B39-8E3C-D7DB8478EFA1}.Debug|x64.Build.0 = Debug|Any CPU
		{DC80289B-D46A-4B39-8E3C-D7DB8478EFA1}.Debug|x86.ActiveCfg = Debug|Any CPU
		{DC80289B-D46A-4B39-8E3C-D7DB8478EFA1}.Debug|x86.Build.0 = Debug|Any CPU
		{DC80289B-D46A-4B39-8E3C-D7DB8478EFA1}.Release|Any CPU.ActiveCfg = Release|Any CPU
		{DC80289B-D46A-4B39-8E3C-D7DB8478EFA1}.Release|Any CPU.Build.0 = Release|Any CPU
		{DC80289B-D46A-4B39-8E3C-D7DB8478EFA1}.Release|x64.ActiveCfg = Release|Any CPU
		{DC80289B-D46A-4B39-8E3C-D7DB8478EFA1}.Release|x64.Build.0 = Release|Any CPU
		{DC80289B-D46A-4B39-8E3C-D7DB8478EFA1}.Release|x86.ActiveCfg = Release|Any CPU
		{DC80289B-D46A-4B39-8E3C-D7DB8478EFA1}.Release|x86.Build.0 = Release|Any CPU
		{FA73C092-0D5E-476F-AAB9-820985B64A8D}.Debug|Any CPU.ActiveCfg = Debug|Any CPU
		{FA73C092-0D5E-476F-AAB9-820985B64A8D}.Debug|Any CPU.Build.0 = Debug|Any CPU
		{FA73C092-0D5E-476F-AAB9-820985B64A8D}.Debug|x64.ActiveCfg = Debug|Any CPU
		{FA73C092-0D5E-476F-AAB9-820985B64A8D}.Debug|x64.Build.0 = Debug|Any CPU
		{FA73C092-0D5E-476F-AAB9-820985B64A8D}.Debug|x86.ActiveCfg = Debug|Any CPU
		{FA73C092-0D5E-476F-AAB9-820985B64A8D}.Debug|x86.Build.0 = Debug|Any CPU
		{FA73C092-0D5E-476F-AAB9-820985B64A8D}.Release|Any CPU.ActiveCfg = Release|Any CPU
		{FA73C092-0D5E-476F-AAB9-820985B64A8D}.Release|Any CPU.Build.0 = Release|Any CPU
		{FA73C092-0D5E-476F-AAB9-820985B64A8D}.Release|x64.ActiveCfg = Release|Any CPU
		{FA73C092-0D5E-476F-AAB9-820985B64A8D}.Release|x64.Build.0 = Release|Any CPU
		{FA73C092-0D5E-476F-AAB9-820985B64A8D}.Release|x86.ActiveCfg = Release|Any CPU
		{FA73C092-0D5E-476F-AAB9-820985B64A8D}.Release|x86.Build.0 = Release|Any CPU
		{9D9964EB-7F00-4DC2-ACCB-5CF19E4624A4}.Debug|Any CPU.ActiveCfg = Debug|Any CPU
		{9D9964EB-7F00-4DC2-ACCB-5CF19E4624A4}.Debug|Any CPU.Build.0 = Debug|Any CPU
		{9D9964EB-7F00-4DC2-ACCB-5CF19E4624A4}.Debug|x64.ActiveCfg = Debug|Any CPU
		{9D9964EB-7F00-4DC2-ACCB-5CF19E4624A4}.Debug|x64.Build.0 = Debug|Any CPU
		{9D9964EB-7F00-4DC2-ACCB-5CF19E4624A4}.Debug|x86.ActiveCfg = Debug|Any CPU
		{9D9964EB-7F00-4DC2-ACCB-5CF19E4624A4}.Debug|x86.Build.0 = Debug|Any CPU
		{9D9964EB-7F00-4DC2-ACCB-5CF19E4624A4}.Release|Any CPU.ActiveCfg = Release|Any CPU
		{9D9964EB-7F00-4DC2-ACCB-5CF19E4624A4}.Release|Any CPU.Build.0 = Release|Any CPU
		{9D9964EB-7F00-4DC2-ACCB-5CF19E4624A4}.Release|x64.ActiveCfg = Release|Any CPU
		{9D9964EB-7F00-4DC2-ACCB-5CF19E4624A4}.Release|x64.Build.0 = Release|Any CPU
		{9D9964EB-7F00-4DC2-ACCB-5CF19E4624A4}.Release|x86.ActiveCfg = Release|Any CPU
		{9D9964EB-7F00-4DC2-ACCB-5CF19E4624A4}.Release|x86.Build.0 = Release|Any CPU
	EndGlobalSection
EndGlobal
